
Microsoft Visual Studio Solution File, Format Version 12.00
# Visual Studio Version 17
VisualStudioVersion = 17.11.35222.181
MinimumVisualStudioVersion = 10.0.40219.1
Project("{FAE04EC0-301F-11D3-BF4B-00C04F79EFBC}") = "Zadachka", "Zadachka.csproj", "{F43174A5-5380-43B7-B336-FB7DA5D4B775}"
EndProject
Global
	GlobalSection(SolutionConfigurationPlatforms) = preSolution
		Debug|Any CPU = Debug|Any CPU
		Release|Any CPU = Release|Any CPU
	EndGlobalSection
	GlobalSection(ProjectConfigurationPlatforms) = postSolution
		{F43174A5-5380-43B7-B336-FB7DA5D4B775}.Debug|Any CPU.ActiveCfg = Debug|Any CPU
		{F43174A5-5380-43B7-B336-FB7DA5D4B775}.Debug|Any CPU.Build.0 = Debug|Any CPU
		{F43174A5-5380-43B7-B336-FB7DA5D4B775}.Release|Any CPU.ActiveCfg = Release|Any CPU
		{F43174A5-5380-43B7-B336-FB7DA5D4B775}.Release|Any CPU.Build.0 = Release|Any CPU
	EndGlobalSection
	GlobalSection(SolutionProperties) = preSolution
		HideSolutionNode = FALSE
	EndGlobalSection
	GlobalSection(ExtensibilityGlobals) = postSolution
		SolutionGuid = {7305794D-8ACF-4702-9687-3CC36003B081}
	EndGlobalSection
EndGlobal
